<?xml version="1.0" encoding="utf-8"?>
<Project ToolsVersion="4.0" xmlns="http://schemas.microsoft.com/developer/msbuild/2003">
  <ItemGroup>
    <Filter Include="Source Files">
      <UniqueIdentifier>{4FC737F1-C7A5-4376-A066-2A32D752A2FF}</UniqueIdentifier>
      <Extensions>cpp;c;cc;cxx;def;odl;idl;hpj;bat;asm;asmx</Extensions>
    </Filter>
    <Filter Include="Resource Files">
      <UniqueIdentifier>{67DA6AB6-F800-4c08-8B7A-83BB121AAD01}</UniqueIdentifier>
      <Extensions>rc;ico;cur;bmp;dlg;rc2;rct;bin;rgs;gif;jpg;jpeg;jpe;resx;tiff;tif;png;wav;mfcribbon-ms</Extensions>
    </Filter>
    <Filter Include="FrameWork">
      <UniqueIdentifier>{3a737f1d-6cb9-44a1-965e-88e1c20ad49a}</UniqueIdentifier>
    </Filter>
    <Filter Include="Utils">
      <UniqueIdentifier>{91645cb6-c973-4f81-9bf7-937dd6256378}</UniqueIdentifier>
    </Filter>
    <Filter Include="FrameWork\Scene">
      <UniqueIdentifier>{102efcb2-2cc2-4f95-bbd4-8af646018c6c}</UniqueIdentifier>
    </Filter>
    <Filter Include="FrameWork\Camera">
      <UniqueIdentifier>{ee608b39-b24c-4ff1-a25d-319afcf6acb3}</UniqueIdentifier>
    </Filter>
    <Filter Include="Header Files">
      <UniqueIdentifier>{93995380-89BD-4b04-88EB-625FBE52EBFB}</UniqueIdentifier>
      <Extensions>h;hh;hpp;hxx;hm;inl;inc;xsd</Extensions>
    </Filter>
    <Filter Include="Header Files\EnemyHeader">
      <UniqueIdentifier>{e2158427-d4b5-4a4e-ac76-dabb47fc527d}</UniqueIdentifier>
    </Filter>
    <Filter Include="FrameWork\Render">
      <UniqueIdentifier>{a624c980-2b18-48ca-ba4d-7fd119b08a73}</UniqueIdentifier>
    </Filter>
    <Filter Include="Objects">
      <UniqueIdentifier>{4cf00a17-22ce-43ec-ad2a-f7c6669374a3}</UniqueIdentifier>
    </Filter>
    <Filter Include="Objects\Enemies">
      <UniqueIdentifier>{8f231c85-15a3-43b9-b2da-84e7b512b679}</UniqueIdentifier>
    </Filter>
    <Filter Include="Objects\Player">
      <UniqueIdentifier>{f23a1385-df3a-4459-89f4-17c7444747fd}</UniqueIdentifier>
    </Filter>
    <Filter Include="FrameWork\Grid">
      <UniqueIdentifier>{b1877222-a56c-4ec3-821b-b81f237901f0}</UniqueIdentifier>
    </Filter>
    <Filter Include="Objects\Obstacles">
      <UniqueIdentifier>{5efe107e-55c3-4f33-bce0-5087b12e9b44}</UniqueIdentifier>
    </Filter>
    <Filter Include="Objects\Bullets">
      <UniqueIdentifier>{fda0ee12-e328-498c-8a72-6c2fb01ab94e}</UniqueIdentifier>
    </Filter>
    <Filter Include="HUD">
      <UniqueIdentifier>{22eb520d-716d-49ef-b2f8-b0f417e13973}</UniqueIdentifier>
    </Filter>
    <Filter Include="Objects\Bullets\Player">
      <UniqueIdentifier>{34964fb6-1d4c-4b90-ab59-c50d188c85c7}</UniqueIdentifier>
    </Filter>
    <Filter Include="Objects\Bullets\Enemy">
      <UniqueIdentifier>{20c3036c-6bd4-431a-b218-c15233cc69b6}</UniqueIdentifier>
    </Filter>
  </ItemGroup>
  <ItemGroup>
    <ClCompile Include="main.cpp">
      <Filter>Source Files</Filter>
    </ClCompile>
    <ClCompile Include="debug.cpp">
      <Filter>FrameWork</Filter>
    </ClCompile>
    <ClCompile Include="Enemy.cpp">
      <Filter>Objects\Enemies</Filter>
    </ClCompile>
    <ClCompile Include="Orbs.cpp">
      <Filter>Objects\Enemies</Filter>
    </ClCompile>
    <ClCompile Include="Worms.cpp">
      <Filter>Objects\Enemies</Filter>
    </ClCompile>
    <ClCompile Include="Skulls.cpp">
      <Filter>Objects\Enemies</Filter>
    </ClCompile>
    <ClCompile Include="Cannons.cpp">
      <Filter>Objects\Enemies</Filter>
    </ClCompile>
    <ClCompile Include="Domes.cpp">
      <Filter>Objects\Enemies</Filter>
    </ClCompile>
    <ClCompile Include="Eyeballs.cpp">
      <Filter>Objects\Enemies</Filter>
    </ClCompile>
    <ClCompile Include="Floaters.cpp">
      <Filter>Objects\Enemies</Filter>
    </ClCompile>
    <ClCompile Include="Insects.cpp">
      <Filter>Objects\Enemies</Filter>
    </ClCompile>
    <ClCompile Include="Jumpers.cpp">
      <Filter>Objects\Enemies</Filter>
    </ClCompile>
    <ClCompile Include="Scene.cpp">
      <Filter>FrameWork\Scene</Filter>
    </ClCompile>
    <ClCompile Include="global.cpp">
      <Filter>Utils</Filter>
    </ClCompile>
    <ClCompile Include="SceneManager.cpp">
      <Filter>FrameWork\Scene</Filter>
    </ClCompile>
    <ClCompile Include="Camera.cpp">
      <Filter>FrameWork\Camera</Filter>
    </ClCompile>
    <ClCompile Include="PlayScene.cpp">
      <Filter>FrameWork\Scene</Filter>
    </ClCompile>
    <ClCompile Include="Sprites.cpp">
      <Filter>FrameWork\Render</Filter>
    </ClCompile>
    <ClCompile Include="Textures.cpp">
      <Filter>FrameWork\Render</Filter>
    </ClCompile>
    <ClCompile Include="Animations.cpp">
      <Filter>FrameWork\Render</Filter>
    </ClCompile>
    <ClCompile Include="Utils.cpp">
      <Filter>Utils</Filter>
    </ClCompile>
    <ClCompile Include="Game.cpp">
      <Filter>FrameWork</Filter>
    </ClCompile>
    <ClCompile Include="Small_Sophia.cpp">
      <Filter>Objects\Player</Filter>
    </ClCompile>
    <ClCompile Include="Jason.cpp">
      <Filter>Objects\Player</Filter>
    </ClCompile>
    <ClCompile Include="Big_Sophia.cpp">
      <Filter>Objects\Player</Filter>
    </ClCompile>
    <ClCompile Include="Grid.cpp">
      <Filter>FrameWork\Grid</Filter>
    </ClCompile>
    <ClCompile Include="Brick.cpp">
      <Filter>Objects\Obstacles</Filter>
    </ClCompile>
    <ClCompile Include="Gate.cpp">
      <Filter>Objects\Obstacles</Filter>
    </ClCompile>
    <ClCompile Include="Entity.cpp">
      <Filter>FrameWork</Filter>
    </ClCompile>
    <ClCompile Include="HealthBar.cpp">
      <Filter>HUD</Filter>
    </ClCompile>
    <ClCompile Include="HUD.cpp">
      <Filter>HUD</Filter>
    </ClCompile>
    <ClCompile Include="JasonBullet.cpp">
      <Filter>Objects\Bullets\Player</Filter>
    </ClCompile>
    <ClCompile Include="Bullet.cpp">
      <Filter>Objects\Bullets</Filter>
    </ClCompile>
    <ClCompile Include="BigNavigatedEnemyBullet.cpp">
      <Filter>Objects\Bullets\Enemy</Filter>
    </ClCompile>
    <ClCompile Include="JasonRocket.cpp">
      <Filter>Objects\Bullets\Player</Filter>
    </ClCompile>
    <ClCompile Include="Teleporters.cpp">
      <Filter>Objects\Enemies</Filter>
    <ClCompile Include="SmallSophiaBullet.cpp">
      <Filter>Source Files</Filter>
    </ClCompile>
  </ItemGroup>
  <ItemGroup>
    <ClInclude Include="debug.h">
      <Filter>Header Files</Filter>
    </ClInclude>
    <ClInclude Include="Enemy.h">
      <Filter>Header Files</Filter>
    </ClInclude>
    <ClInclude Include="Global.h">
      <Filter>Header Files</Filter>
    </ClInclude>
    <ClInclude Include="Cannons.h">
      <Filter>Header Files\EnemyHeader</Filter>
    </ClInclude>
    <ClInclude Include="Domes.h">
      <Filter>Header Files\EnemyHeader</Filter>
    </ClInclude>
    <ClInclude Include="Eyeballs.h">
      <Filter>Header Files\EnemyHeader</Filter>
    </ClInclude>
    <ClInclude Include="Floaters.h">
      <Filter>Header Files\EnemyHeader</Filter>
    </ClInclude>
    <ClInclude Include="Insects.h">
      <Filter>Header Files\EnemyHeader</Filter>
    </ClInclude>
    <ClInclude Include="Jumpers.h">
      <Filter>Header Files\EnemyHeader</Filter>
    </ClInclude>
    <ClInclude Include="Orbs.h">
      <Filter>Header Files\EnemyHeader</Filter>
    </ClInclude>
    <ClInclude Include="Skulls.h">
      <Filter>Header Files\EnemyHeader</Filter>
    </ClInclude>
    <ClInclude Include="Worms.h">
      <Filter>Header Files\EnemyHeader</Filter>
    </ClInclude>
    <ClInclude Include="Telepoters.h">
      <Filter>Header Files\EnemyHeader</Filter>
    </ClInclude>
    <ClInclude Include="global.h">
      <Filter>Utils</Filter>
    </ClInclude>
    <ClInclude Include="SceneManager.h">
      <Filter>FrameWork\Scene</Filter>
    </ClInclude>
    <ClInclude Include="Camera.h">
      <Filter>FrameWork\Camera</Filter>
    </ClInclude>
    <ClInclude Include="PlayScene.h">
      <Filter>FrameWork\Scene</Filter>
    </ClInclude>
    <ClInclude Include="Sprites.h">
      <Filter>FrameWork\Render</Filter>
    </ClInclude>
    <ClInclude Include="Textures.h">
      <Filter>FrameWork\Render</Filter>
    </ClInclude>
    <ClInclude Include="Animations.h">
      <Filter>FrameWork\Render</Filter>
    </ClInclude>
    <ClInclude Include="Scene.h">
      <Filter>FrameWork\Scene</Filter>
    </ClInclude>
    <ClInclude Include="Utils.h">
      <Filter>Utils</Filter>
    </ClInclude>
    <ClInclude Include="Entity.h">
      <Filter>Header Files</Filter>
    </ClInclude>
    <ClInclude Include="Small_Sophia.h">
      <Filter>Objects\Player</Filter>
    </ClInclude>
    <ClInclude Include="Jason.h">
      <Filter>Objects\Player</Filter>
    </ClInclude>
    <ClInclude Include="Big_Sophia.h">
      <Filter>Objects\Player</Filter>
    </ClInclude>
    <ClInclude Include="Timer.h">
      <Filter>FrameWork</Filter>
    </ClInclude>
    <ClInclude Include="Game.h">
      <Filter>Header Files</Filter>
    </ClInclude>
    <ClInclude Include="Grid.h">
      <Filter>FrameWork\Grid</Filter>
    </ClInclude>
    <ClInclude Include="Brick.h">
      <Filter>Objects\Obstacles</Filter>
    </ClInclude>
    <ClInclude Include="Gate.h">
      <Filter>Objects\Obstacles</Filter>
    </ClInclude>
    <ClInclude Include="HealthBar.h">
      <Filter>HUD</Filter>
    </ClInclude>
    <ClInclude Include="HUD.h">
      <Filter>HUD</Filter>
    </ClInclude>
    <ClInclude Include="Random.h">
      <Filter>FrameWork</Filter>
    </ClInclude>
    <ClInclude Include="KeyboardHandler.h">
      <Filter>FrameWork</Filter>
    </ClInclude>
    <ClInclude Include="JasonBullet.h">
      <Filter>Objects\Bullets\Player</Filter>
    </ClInclude>
    <ClInclude Include="Bullet.h">
      <Filter>Objects\Bullets</Filter>
    </ClInclude>
    <ClInclude Include="BigNavigatedEnemyBullet.h">
      <Filter>Objects\Bullets\Enemy</Filter>
    </ClInclude>
    <ClInclude Include="JasonRocket.h">
      <Filter>Objects\Bullets\Player</Filter>
    </ClInclude>
    <ClInclude Include="SmallSophiaBullet.h">
      <Filter>Objects\Bullets\Player</Filter>
    </ClInclude>
  </ItemGroup>
  <ItemGroup>
    <Image Include="textures\enemy.png">
      <Filter>Resource Files</Filter>
    </Image>
    <Image Include="textures\mario.png">
      <Filter>Resource Files</Filter>
    </Image>
    <Image Include="textures\area_1.jpg">
      <Filter>Resource Files</Filter>
    </Image>
    <Image Include="Resoure\level2-side.png">
      <Filter>Resource Files</Filter>
    </Image>
  </ItemGroup>
</Project>